
Microsoft Visual Studio Solution File, Format Version 12.00
Project("{FAE04EC0-301F-11D3-BF4B-00C04F79EFBC}") = "VirtualPanelTest", "VirtualPanelTest\VirtualPanelTest.csproj", "{13C29B5A-01C1-4662-A79C-90C72D90810D}"
EndProject
Global
	GlobalSection(SolutionConfigurationPlatforms) = preSolution
		Debug|Any CPU = Debug|Any CPU
		Release|Any CPU = Release|Any CPU
	EndGlobalSection
	GlobalSection(ProjectConfigurationPlatforms) = postSolution
		{13C29B5A-01C1-4662-A79C-90C72D90810D}.Debug|Any CPU.ActiveCfg = Debug|Any CPU
		{13C29B5A-01C1-4662-A79C-90C72D90810D}.Debug|Any CPU.Build.0 = Debug|Any CPU
		{13C29B5A-01C1-4662-A79C-90C72D90810D}.Release|Any CPU.ActiveCfg = Release|Any CPU
		{13C29B5A-01C1-4662-A79C-90C72D90810D}.Release|Any CPU.Build.0 = Release|Any CPU
	EndGlobalSection
EndGlobal
